// !$*UTF8*$!
{
	archiveVersion = 1;
	classes = {
	};
	objectVersion = 46;
	objects = {

/* Begin PBXBuildFile section */
		1F01E9CF1BDAC3BB000D15D1 /* libbitplanes_core-universal.a in Frameworks */ = {isa = PBXBuildFile; fileRef = 1F01E9CD1BDAC3BB000D15D1 /* libbitplanes_core-universal.a */; };
		1F01E9D01BDAC3BB000D15D1 /* libbitplanes_utils-universal.a in Frameworks */ = {isa = PBXBuildFile; fileRef = 1F01E9CE1BDAC3BB000D15D1 /* libbitplanes_utils-universal.a */; };
		1F01E9D21BDAC692000D15D1 /* opencv2.framework in Frameworks */ = {isa = PBXBuildFile; fileRef = 1F01E9D11BDAC692000D15D1 /* opencv2.framework */; settings = {ASSET_TAGS = (); }; };
		1F6F11E41BD757A500CE6234 /* Accelerate.framework in Frameworks */ = {isa = PBXBuildFile; fileRef = 1F6F11E31BD757A500CE6234 /* Accelerate.framework */; };
		1F6F11E61BD757AC00CE6234 /* AssetsLibrary.framework in Frameworks */ = {isa = PBXBuildFile; fileRef = 1F6F11E51BD757AC00CE6234 /* AssetsLibrary.framework */; };
		1F6F11E81BD757B700CE6234 /* CoreGraphics.framework in Frameworks */ = {isa = PBXBuildFile; fileRef = 1F6F11E71BD757B700CE6234 /* CoreGraphics.framework */; };
		1F6F11EA1BD757C000CE6234 /* CoreImage.framework in Frameworks */ = {isa = PBXBuildFile; fileRef = 1F6F11E91BD757C000CE6234 /* CoreImage.framework */; };
		1F6F11EC1BD757C900CE6234 /* CoreMedia.framework in Frameworks */ = {isa = PBXBuildFile; fileRef = 1F6F11EB1BD757C900CE6234 /* CoreMedia.framework */; };
		1F6F11EE1BD757D300CE6234 /* CoreVideo.framework in Frameworks */ = {isa = PBXBuildFile; fileRef = 1F6F11ED1BD757D300CE6234 /* CoreVideo.framework */; };
		1F6F11F01BD757DC00CE6234 /* QuartzCore.framework in Frameworks */ = {isa = PBXBuildFile; fileRef = 1F6F11EF1BD757DC00CE6234 /* QuartzCore.framework */; };
		1F6F11F21BD757E500CE6234 /* UIKit.framework in Frameworks */ = {isa = PBXBuildFile; fileRef = 1F6F11F11BD757E500CE6234 /* UIKit.framework */; };
		52DD7FB91B9DF03B001257DD /* main.m in Sources */ = {isa = PBXBuildFile; fileRef = 52DD7FB81B9DF03B001257DD /* main.m */; };
		52DD7FBC1B9DF03B001257DD /* AppDelegate.m in Sources */ = {isa = PBXBuildFile; fileRef = 52DD7FBB1B9DF03B001257DD /* AppDelegate.m */; };
		52DD7FBF1B9DF03B001257DD /* ViewController.mm in Sources */ = {isa = PBXBuildFile; fileRef = 52DD7FBE1B9DF03B001257DD /* ViewController.mm */; };
		52DD7FC21B9DF03B001257DD /* Main.storyboard in Resources */ = {isa = PBXBuildFile; fileRef = 52DD7FC01B9DF03B001257DD /* Main.storyboard */; };
		52DD7FC41B9DF03B001257DD /* Images.xcassets in Resources */ = {isa = PBXBuildFile; fileRef = 52DD7FC31B9DF03B001257DD /* Images.xcassets */; };
		52DD7FC71B9DF03B001257DD /* LaunchScreen.xib in Resources */ = {isa = PBXBuildFile; fileRef = 52DD7FC51B9DF03B001257DD /* LaunchScreen.xib */; };
		52DD7FD31B9DF03B001257DD /* Intro_iOS_CameraTests.m in Sources */ = {isa = PBXBuildFile; fileRef = 52DD7FD21B9DF03B001257DD /* Intro_iOS_CameraTests.m */; };
		52DD7FDF1B9DF0BB001257DD /* AVFoundation.framework in Frameworks */ = {isa = PBXBuildFile; fileRef = 52DD7FDE1B9DF0BB001257DD /* AVFoundation.framework */; };
/* End PBXBuildFile section */

/* Begin PBXContainerItemProxy section */
		52DD7FCD1B9DF03B001257DD /* PBXContainerItemProxy */ = {
			isa = PBXContainerItemProxy;
			containerPortal = 52DD7FAB1B9DF03B001257DD /* Project object */;
			proxyType = 1;
			remoteGlobalIDString = 52DD7FB21B9DF03B001257DD;
			remoteInfo = Intro_iOS_Camera;
		};
/* End PBXContainerItemProxy section */

/* Begin PBXFileReference section */
		1F01E9951BDAC2FB000D15D1 /* affine.h */ = {isa = PBXFileReference; fileEncoding = 4; lastKnownFileType = sourcecode.c.h; path = affine.h; sourceTree = "<group>"; };
		1F01E9961BDAC2FB000D15D1 /* algorithm_parameters.h */ = {isa = PBXFileReference; fileEncoding = 4; lastKnownFileType = sourcecode.c.h; path = algorithm_parameters.h; sourceTree = "<group>"; };
		1F01E9971BDAC2FB000D15D1 /* bitplanes_tracker.h */ = {isa = PBXFileReference; fileEncoding = 4; lastKnownFileType = sourcecode.c.h; path = bitplanes_tracker.h; sourceTree = "<group>"; };
		1F01E9981BDAC2FB000D15D1 /* bitplanes_tracker_pyramid.h */ = {isa = PBXFileReference; fileEncoding = 4; lastKnownFileType = sourcecode.c.h; path = bitplanes_tracker_pyramid.h; sourceTree = "<group>"; };
		1F01E9991BDAC2FB000D15D1 /* bitplanes_tracker_sparse.h */ = {isa = PBXFileReference; fileEncoding = 4; lastKnownFileType = sourcecode.c.h; path = bitplanes_tracker_sparse.h; sourceTree = "<group>"; };
		1F01E99A1BDAC2FB000D15D1 /* bpmath.h */ = {isa = PBXFileReference; fileEncoding = 4; lastKnownFileType = sourcecode.c.h; path = bpmath.h; sourceTree = "<group>"; };
		1F01E99B1BDAC2FB000D15D1 /* config.h */ = {isa = PBXFileReference; fileEncoding = 4; lastKnownFileType = sourcecode.c.h; path = config.h; sourceTree = "<group>"; };
		1F01E99C1BDAC2FB000D15D1 /* debug.h */ = {isa = PBXFileReference; fileEncoding = 4; lastKnownFileType = sourcecode.c.h; path = debug.h; sourceTree = "<group>"; };
		1F01E99D1BDAC2FB000D15D1 /* homography.h */ = {isa = PBXFileReference; fileEncoding = 4; lastKnownFileType = sourcecode.c.h; path = homography.h; sourceTree = "<group>"; };
		1F01E99E1BDAC2FB000D15D1 /* intensity_tracker.h */ = {isa = PBXFileReference; fileEncoding = 4; lastKnownFileType = sourcecode.c.h; path = intensity_tracker.h; sourceTree = "<group>"; };
		1F01E9A01BDAC2FB000D15D1 /* bitplanes_channel_data.h */ = {isa = PBXFileReference; fileEncoding = 4; lastKnownFileType = sourcecode.c.h; path = bitplanes_channel_data.h; sourceTree = "<group>"; };
		1F01E9A11BDAC2FB000D15D1 /* bitplanes_channel_data2.h */ = {isa = PBXFileReference; fileEncoding = 4; lastKnownFileType = sourcecode.c.h; path = bitplanes_channel_data2.h; sourceTree = "<group>"; };
		1F01E9A21BDAC2FB000D15D1 /* bitplanes_channel_data_fast.h */ = {isa = PBXFileReference; fileEncoding = 4; lastKnownFileType = sourcecode.c.h; path = bitplanes_channel_data_fast.h; sourceTree = "<group>"; };
		1F01E9A31BDAC2FB000D15D1 /* bitplanes_channel_data_packed.h */ = {isa = PBXFileReference; fileEncoding = 4; lastKnownFileType = sourcecode.c.h; path = bitplanes_channel_data_packed.h; sourceTree = "<group>"; };
		1F01E9A41BDAC2FB000D15D1 /* bitplanes_sparse_data.h */ = {isa = PBXFileReference; fileEncoding = 4; lastKnownFileType = sourcecode.c.h; path = bitplanes_sparse_data.h; sourceTree = "<group>"; };
		1F01E9A51BDAC2FB000D15D1 /* census.h */ = {isa = PBXFileReference; fileEncoding = 4; lastKnownFileType = sourcecode.c.h; path = census.h; sourceTree = "<group>"; };
		1F01E9A61BDAC2FB000D15D1 /* census_signature.h */ = {isa = PBXFileReference; fileEncoding = 4; lastKnownFileType = sourcecode.c.h; path = census_signature.h; sourceTree = "<group>"; };
		1F01E9A71BDAC2FB000D15D1 /* channel_data.h */ = {isa = PBXFileReference; fileEncoding = 4; lastKnownFileType = sourcecode.c.h; path = channel_data.h; sourceTree = "<group>"; };
		1F01E9A81BDAC2FB000D15D1 /* channel_data_dense.h */ = {isa = PBXFileReference; fileEncoding = 4; lastKnownFileType = sourcecode.c.h; path = channel_data_dense.h; sourceTree = "<group>"; };
		1F01E9A91BDAC2FB000D15D1 /* channel_extractor.h */ = {isa = PBXFileReference; fileEncoding = 4; lastKnownFileType = sourcecode.c.h; path = channel_extractor.h; sourceTree = "<group>"; };
		1F01E9AA1BDAC2FB000D15D1 /* ct.h */ = {isa = PBXFileReference; fileEncoding = 4; lastKnownFileType = sourcecode.c.h; path = ct.h; sourceTree = "<group>"; };
		1F01E9AB1BDAC2FB000D15D1 /* cvfwd.h */ = {isa = PBXFileReference; fileEncoding = 4; lastKnownFileType = sourcecode.c.h; path = cvfwd.h; sourceTree = "<group>"; };
		1F01E9AC1BDAC2FB000D15D1 /* gmag.h */ = {isa = PBXFileReference; fileEncoding = 4; lastKnownFileType = sourcecode.c.h; path = gmag.h; sourceTree = "<group>"; };
		1F01E9AD1BDAC2FB000D15D1 /* ic.h */ = {isa = PBXFileReference; fileEncoding = 4; lastKnownFileType = sourcecode.c.h; path = ic.h; sourceTree = "<group>"; };
		1F01E9AE1BDAC2FB000D15D1 /* imsmooth.h */ = {isa = PBXFileReference; fileEncoding = 4; lastKnownFileType = sourcecode.c.h; path = imsmooth.h; sourceTree = "<group>"; };
		1F01E9AF1BDAC2FB000D15D1 /* imwarp.h */ = {isa = PBXFileReference; fileEncoding = 4; lastKnownFileType = sourcecode.c.h; path = imwarp.h; sourceTree = "<group>"; };
		1F01E9B01BDAC2FB000D15D1 /* intrin.h */ = {isa = PBXFileReference; fileEncoding = 4; lastKnownFileType = sourcecode.c.h; path = intrin.h; sourceTree = "<group>"; };
		1F01E9B11BDAC2FB000D15D1 /* mc_data.h */ = {isa = PBXFileReference; fileEncoding = 4; lastKnownFileType = sourcecode.c.h; path = mc_data.h; sourceTree = "<group>"; };
		1F01E9B21BDAC2FB000D15D1 /* mc_extractor.h */ = {isa = PBXFileReference; fileEncoding = 4; lastKnownFileType = sourcecode.c.h; path = mc_extractor.h; sourceTree = "<group>"; };
		1F01E9B31BDAC2FB000D15D1 /* normalization.h */ = {isa = PBXFileReference; fileEncoding = 4; lastKnownFileType = sourcecode.c.h; path = normalization.h; sourceTree = "<group>"; };
		1F01E9B41BDAC2FB000D15D1 /* optim_common.h */ = {isa = PBXFileReference; fileEncoding = 4; lastKnownFileType = sourcecode.c.h; path = optim_common.h; sourceTree = "<group>"; };
		1F01E9B51BDAC2FB000D15D1 /* SmallVector.h */ = {isa = PBXFileReference; fileEncoding = 4; lastKnownFileType = sourcecode.c.h; path = SmallVector.h; sourceTree = "<group>"; };
		1F01E9B61BDAC2FB000D15D1 /* SSE2NEON.h */ = {isa = PBXFileReference; fileEncoding = 4; lastKnownFileType = sourcecode.c.h; path = SSE2NEON.h; sourceTree = "<group>"; };
		1F01E9B71BDAC2FB000D15D1 /* tracker_dense_impl.h */ = {isa = PBXFileReference; fileEncoding = 4; lastKnownFileType = sourcecode.c.h; path = tracker_dense_impl.h; sourceTree = "<group>"; };
		1F01E9B81BDAC2FB000D15D1 /* tracker_impl.h */ = {isa = PBXFileReference; fileEncoding = 4; lastKnownFileType = sourcecode.c.h; path = tracker_impl.h; sourceTree = "<group>"; };
		1F01E9B91BDAC2FB000D15D1 /* v128-arm.h */ = {isa = PBXFileReference; fileEncoding = 4; lastKnownFileType = sourcecode.c.h; path = "v128-arm.h"; sourceTree = "<group>"; };
		1F01E9BA1BDAC2FB000D15D1 /* v128-sse.h */ = {isa = PBXFileReference; fileEncoding = 4; lastKnownFileType = sourcecode.c.h; path = "v128-sse.h"; sourceTree = "<group>"; };
		1F01E9BB1BDAC2FB000D15D1 /* v128.h */ = {isa = PBXFileReference; fileEncoding = 4; lastKnownFileType = sourcecode.c.h; path = v128.h; sourceTree = "<group>"; };
		1F01E9BC1BDAC2FB000D15D1 /* motion_model.h */ = {isa = PBXFileReference; fileEncoding = 4; lastKnownFileType = sourcecode.c.h; path = motion_model.h; sourceTree = "<group>"; };
		1F01E9BD1BDAC2FB000D15D1 /* motion_model_traits.h */ = {isa = PBXFileReference; fileEncoding = 4; lastKnownFileType = sourcecode.c.h; path = motion_model_traits.h; sourceTree = "<group>"; };
		1F01E9BE1BDAC2FB000D15D1 /* ransac.h */ = {isa = PBXFileReference; fileEncoding = 4; lastKnownFileType = sourcecode.c.h; path = ransac.h; sourceTree = "<group>"; };
		1F01E9BF1BDAC2FB000D15D1 /* ransac_model.h */ = {isa = PBXFileReference; fileEncoding = 4; lastKnownFileType = sourcecode.c.h; path = ransac_model.h; sourceTree = "<group>"; };
		1F01E9C01BDAC2FB000D15D1 /* tracker.h */ = {isa = PBXFileReference; fileEncoding = 4; lastKnownFileType = sourcecode.c.h; path = tracker.h; sourceTree = "<group>"; };
		1F01E9C11BDAC2FB000D15D1 /* tracker_dense.h */ = {isa = PBXFileReference; fileEncoding = 4; lastKnownFileType = sourcecode.c.h; path = tracker_dense.h; sourceTree = "<group>"; };
		1F01E9C21BDAC2FB000D15D1 /* translation.h */ = {isa = PBXFileReference; fileEncoding = 4; lastKnownFileType = sourcecode.c.h; path = translation.h; sourceTree = "<group>"; };
		1F01E9C31BDAC2FB000D15D1 /* types.h */ = {isa = PBXFileReference; fileEncoding = 4; lastKnownFileType = sourcecode.c.h; path = types.h; sourceTree = "<group>"; };
		1F01E9C41BDAC2FB000D15D1 /* viz.h */ = {isa = PBXFileReference; fileEncoding = 4; lastKnownFileType = sourcecode.c.h; path = viz.h; sourceTree = "<group>"; };
		1F01E9C61BDAC2FB000D15D1 /* config_file.h */ = {isa = PBXFileReference; fileEncoding = 4; lastKnownFileType = sourcecode.c.h; path = config_file.h; sourceTree = "<group>"; };
		1F01E9C71BDAC2FB000D15D1 /* error.h */ = {isa = PBXFileReference; fileEncoding = 4; lastKnownFileType = sourcecode.c.h; path = error.h; sourceTree = "<group>"; };
		1F01E9C81BDAC2FB000D15D1 /* icompare.h */ = {isa = PBXFileReference; fileEncoding = 4; lastKnownFileType = sourcecode.c.h; path = icompare.h; sourceTree = "<group>"; };
		1F01E9C91BDAC2FB000D15D1 /* memory.h */ = {isa = PBXFileReference; fileEncoding = 4; lastKnownFileType = sourcecode.c.h; path = memory.h; sourceTree = "<group>"; };
		1F01E9CA1BDAC2FB000D15D1 /* str2num.h */ = {isa = PBXFileReference; fileEncoding = 4; lastKnownFileType = sourcecode.c.h; path = str2num.h; sourceTree = "<group>"; };
		1F01E9CB1BDAC2FB000D15D1 /* timer.h */ = {isa = PBXFileReference; fileEncoding = 4; lastKnownFileType = sourcecode.c.h; path = timer.h; sourceTree = "<group>"; };
		1F01E9CC1BDAC2FB000D15D1 /* utils.h */ = {isa = PBXFileReference; fileEncoding = 4; lastKnownFileType = sourcecode.c.h; path = utils.h; sourceTree = "<group>"; };
		1F01E9CD1BDAC3BB000D15D1 /* libbitplanes_core-universal.a */ = {isa = PBXFileReference; lastKnownFileType = archive.ar; name = "libbitplanes_core-universal.a"; path = "framewaork/libbitplanes_core-universal.a"; sourceTree = "<group>"; };
		1F01E9CE1BDAC3BB000D15D1 /* libbitplanes_utils-universal.a */ = {isa = PBXFileReference; lastKnownFileType = archive.ar; name = "libbitplanes_utils-universal.a"; path = "framewaork/libbitplanes_utils-universal.a"; sourceTree = "<group>"; };
		1F01E9D11BDAC692000D15D1 /* opencv2.framework */ = {isa = PBXFileReference; lastKnownFileType = wrapper.framework; path = opencv2.framework; sourceTree = "<group>"; };
		1F6F11E31BD757A500CE6234 /* Accelerate.framework */ = {isa = PBXFileReference; lastKnownFileType = wrapper.framework; name = Accelerate.framework; path = System/Library/Frameworks/Accelerate.framework; sourceTree = SDKROOT; };
		1F6F11E51BD757AC00CE6234 /* AssetsLibrary.framework */ = {isa = PBXFileReference; lastKnownFileType = wrapper.framework; name = AssetsLibrary.framework; path = System/Library/Frameworks/AssetsLibrary.framework; sourceTree = SDKROOT; };
		1F6F11E71BD757B700CE6234 /* CoreGraphics.framework */ = {isa = PBXFileReference; lastKnownFileType = wrapper.framework; name = CoreGraphics.framework; path = System/Library/Frameworks/CoreGraphics.framework; sourceTree = SDKROOT; };
		1F6F11E91BD757C000CE6234 /* CoreImage.framework */ = {isa = PBXFileReference; lastKnownFileType = wrapper.framework; name = CoreImage.framework; path = System/Library/Frameworks/CoreImage.framework; sourceTree = SDKROOT; };
		1F6F11EB1BD757C900CE6234 /* CoreMedia.framework */ = {isa = PBXFileReference; lastKnownFileType = wrapper.framework; name = CoreMedia.framework; path = System/Library/Frameworks/CoreMedia.framework; sourceTree = SDKROOT; };
		1F6F11ED1BD757D300CE6234 /* CoreVideo.framework */ = {isa = PBXFileReference; lastKnownFileType = wrapper.framework; name = CoreVideo.framework; path = System/Library/Frameworks/CoreVideo.framework; sourceTree = SDKROOT; };
		1F6F11EF1BD757DC00CE6234 /* QuartzCore.framework */ = {isa = PBXFileReference; lastKnownFileType = wrapper.framework; name = QuartzCore.framework; path = System/Library/Frameworks/QuartzCore.framework; sourceTree = SDKROOT; };
		1F6F11F11BD757E500CE6234 /* UIKit.framework */ = {isa = PBXFileReference; lastKnownFileType = wrapper.framework; name = UIKit.framework; path = System/Library/Frameworks/UIKit.framework; sourceTree = SDKROOT; };
		52DD7FB31B9DF03B001257DD /* LK_v3.app */ = {isa = PBXFileReference; explicitFileType = wrapper.application; includeInIndex = 0; path = LK_v3.app; sourceTree = BUILT_PRODUCTS_DIR; };
		52DD7FB71B9DF03B001257DD /* Info.plist */ = {isa = PBXFileReference; lastKnownFileType = text.plist.xml; path = Info.plist; sourceTree = "<group>"; };
		52DD7FB81B9DF03B001257DD /* main.m */ = {isa = PBXFileReference; lastKnownFileType = sourcecode.c.objc; path = main.m; sourceTree = "<group>"; };
		52DD7FBA1B9DF03B001257DD /* AppDelegate.h */ = {isa = PBXFileReference; lastKnownFileType = sourcecode.c.h; path = AppDelegate.h; sourceTree = "<group>"; };
		52DD7FBB1B9DF03B001257DD /* AppDelegate.m */ = {isa = PBXFileReference; lastKnownFileType = sourcecode.c.objc; path = AppDelegate.m; sourceTree = "<group>"; };
		52DD7FBD1B9DF03B001257DD /* ViewController.h */ = {isa = PBXFileReference; lastKnownFileType = sourcecode.c.h; path = ViewController.h; sourceTree = "<group>"; };
		52DD7FBE1B9DF03B001257DD /* ViewController.mm */ = {isa = PBXFileReference; lastKnownFileType = sourcecode.cpp.objcpp; path = ViewController.mm; sourceTree = "<group>"; };
		52DD7FC11B9DF03B001257DD /* Base */ = {isa = PBXFileReference; lastKnownFileType = file.storyboard; name = Base; path = Base.lproj/Main.storyboard; sourceTree = "<group>"; };
		52DD7FC31B9DF03B001257DD /* Images.xcassets */ = {isa = PBXFileReference; lastKnownFileType = folder.assetcatalog; path = Images.xcassets; sourceTree = "<group>"; };
		52DD7FC61B9DF03B001257DD /* Base */ = {isa = PBXFileReference; lastKnownFileType = file.xib; name = Base; path = Base.lproj/LaunchScreen.xib; sourceTree = "<group>"; };
		52DD7FCC1B9DF03B001257DD /* LK_v3.xctest */ = {isa = PBXFileReference; explicitFileType = wrapper.cfbundle; includeInIndex = 0; path = LK_v3.xctest; sourceTree = BUILT_PRODUCTS_DIR; };
		52DD7FD11B9DF03B001257DD /* Info.plist */ = {isa = PBXFileReference; lastKnownFileType = text.plist.xml; path = Info.plist; sourceTree = "<group>"; };
		52DD7FD21B9DF03B001257DD /* Intro_iOS_CameraTests.m */ = {isa = PBXFileReference; lastKnownFileType = sourcecode.c.objc; path = Intro_iOS_CameraTests.m; sourceTree = "<group>"; };
		52DD7FDE1B9DF0BB001257DD /* AVFoundation.framework */ = {isa = PBXFileReference; lastKnownFileType = wrapper.framework; name = AVFoundation.framework; path = System/Library/Frameworks/AVFoundation.framework; sourceTree = SDKROOT; };
/* End PBXFileReference section */

/* Begin PBXFrameworksBuildPhase section */
		52DD7FB01B9DF03B001257DD /* Frameworks */ = {
			isa = PBXFrameworksBuildPhase;
			buildActionMask = 2147483647;
			files = (
				1F01E9CF1BDAC3BB000D15D1 /* libbitplanes_core-universal.a in Frameworks */,
				1F01E9D01BDAC3BB000D15D1 /* libbitplanes_utils-universal.a in Frameworks */,
				1F6F11F21BD757E500CE6234 /* UIKit.framework in Frameworks */,
				1F6F11F01BD757DC00CE6234 /* QuartzCore.framework in Frameworks */,
				1F6F11EE1BD757D300CE6234 /* CoreVideo.framework in Frameworks */,
				1F6F11EC1BD757C900CE6234 /* CoreMedia.framework in Frameworks */,
				1F01E9D21BDAC692000D15D1 /* opencv2.framework in Frameworks */,
				1F6F11EA1BD757C000CE6234 /* CoreImage.framework in Frameworks */,
				1F6F11E81BD757B700CE6234 /* CoreGraphics.framework in Frameworks */,
				1F6F11E61BD757AC00CE6234 /* AssetsLibrary.framework in Frameworks */,
				1F6F11E41BD757A500CE6234 /* Accelerate.framework in Frameworks */,
				52DD7FDF1B9DF0BB001257DD /* AVFoundation.framework in Frameworks */,
			);
			runOnlyForDeploymentPostprocessing = 0;
		};
		52DD7FC91B9DF03B001257DD /* Frameworks */ = {
			isa = PBXFrameworksBuildPhase;
			buildActionMask = 2147483647;
			files = (
			);
			runOnlyForDeploymentPostprocessing = 0;
		};
/* End PBXFrameworksBuildPhase section */

/* Begin PBXGroup section */
		1F01E9931BDAC2FB000D15D1 /* bitplanes */ = {
			isa = PBXGroup;
			children = (
				1F01E9941BDAC2FB000D15D1 /* core */,
				1F01E9C51BDAC2FB000D15D1 /* utils */,
			);
			name = bitplanes;
			path = framewaork/include/bitplanes;
			sourceTree = "<group>";
		};
		1F01E9941BDAC2FB000D15D1 /* core */ = {
			isa = PBXGroup;
			children = (
				1F01E9951BDAC2FB000D15D1 /* affine.h */,
				1F01E9961BDAC2FB000D15D1 /* algorithm_parameters.h */,
				1F01E9971BDAC2FB000D15D1 /* bitplanes_tracker.h */,
				1F01E9981BDAC2FB000D15D1 /* bitplanes_tracker_pyramid.h */,
				1F01E9991BDAC2FB000D15D1 /* bitplanes_tracker_sparse.h */,
				1F01E99A1BDAC2FB000D15D1 /* bpmath.h */,
				1F01E99B1BDAC2FB000D15D1 /* config.h */,
				1F01E99C1BDAC2FB000D15D1 /* debug.h */,
				1F01E99D1BDAC2FB000D15D1 /* homography.h */,
				1F01E99E1BDAC2FB000D15D1 /* intensity_tracker.h */,
				1F01E99F1BDAC2FB000D15D1 /* internal */,
				1F01E9BC1BDAC2FB000D15D1 /* motion_model.h */,
				1F01E9BD1BDAC2FB000D15D1 /* motion_model_traits.h */,
				1F01E9BE1BDAC2FB000D15D1 /* ransac.h */,
				1F01E9BF1BDAC2FB000D15D1 /* ransac_model.h */,
				1F01E9C01BDAC2FB000D15D1 /* tracker.h */,
				1F01E9C11BDAC2FB000D15D1 /* tracker_dense.h */,
				1F01E9C21BDAC2FB000D15D1 /* translation.h */,
				1F01E9C31BDAC2FB000D15D1 /* types.h */,
				1F01E9C41BDAC2FB000D15D1 /* viz.h */,
			);
			path = core;
			sourceTree = "<group>";
		};
		1F01E99F1BDAC2FB000D15D1 /* internal */ = {
			isa = PBXGroup;
			children = (
				1F01E9A01BDAC2FB000D15D1 /* bitplanes_channel_data.h */,
				1F01E9A11BDAC2FB000D15D1 /* bitplanes_channel_data2.h */,
				1F01E9A21BDAC2FB000D15D1 /* bitplanes_channel_data_fast.h */,
				1F01E9A31BDAC2FB000D15D1 /* bitplanes_channel_data_packed.h */,
				1F01E9A41BDAC2FB000D15D1 /* bitplanes_sparse_data.h */,
				1F01E9A51BDAC2FB000D15D1 /* census.h */,
				1F01E9A61BDAC2FB000D15D1 /* census_signature.h */,
				1F01E9A71BDAC2FB000D15D1 /* channel_data.h */,
				1F01E9A81BDAC2FB000D15D1 /* channel_data_dense.h */,
				1F01E9A91BDAC2FB000D15D1 /* channel_extractor.h */,
				1F01E9AA1BDAC2FB000D15D1 /* ct.h */,
				1F01E9AB1BDAC2FB000D15D1 /* cvfwd.h */,
				1F01E9AC1BDAC2FB000D15D1 /* gmag.h */,
				1F01E9AD1BDAC2FB000D15D1 /* ic.h */,
				1F01E9AE1BDAC2FB000D15D1 /* imsmooth.h */,
				1F01E9AF1BDAC2FB000D15D1 /* imwarp.h */,
				1F01E9B01BDAC2FB000D15D1 /* intrin.h */,
				1F01E9B11BDAC2FB000D15D1 /* mc_data.h */,
				1F01E9B21BDAC2FB000D15D1 /* mc_extractor.h */,
				1F01E9B31BDAC2FB000D15D1 /* normalization.h */,
				1F01E9B41BDAC2FB000D15D1 /* optim_common.h */,
				1F01E9B51BDAC2FB000D15D1 /* SmallVector.h */,
				1F01E9B61BDAC2FB000D15D1 /* SSE2NEON.h */,
				1F01E9B71BDAC2FB000D15D1 /* tracker_dense_impl.h */,
				1F01E9B81BDAC2FB000D15D1 /* tracker_impl.h */,
				1F01E9B91BDAC2FB000D15D1 /* v128-arm.h */,
				1F01E9BA1BDAC2FB000D15D1 /* v128-sse.h */,
				1F01E9BB1BDAC2FB000D15D1 /* v128.h */,
			);
			path = internal;
			sourceTree = "<group>";
		};
		1F01E9C51BDAC2FB000D15D1 /* utils */ = {
			isa = PBXGroup;
			children = (
				1F01E9C61BDAC2FB000D15D1 /* config_file.h */,
				1F01E9C71BDAC2FB000D15D1 /* error.h */,
				1F01E9C81BDAC2FB000D15D1 /* icompare.h */,
				1F01E9C91BDAC2FB000D15D1 /* memory.h */,
				1F01E9CA1BDAC2FB000D15D1 /* str2num.h */,
				1F01E9CB1BDAC2FB000D15D1 /* timer.h */,
				1F01E9CC1BDAC2FB000D15D1 /* utils.h */,
			);
			path = utils;
			sourceTree = "<group>";
		};
		52DD7FAA1B9DF03B001257DD = {
			isa = PBXGroup;
			children = (
				1F01E9D11BDAC692000D15D1 /* opencv2.framework */,
				1F01E9CD1BDAC3BB000D15D1 /* libbitplanes_core-universal.a */,
				1F01E9CE1BDAC3BB000D15D1 /* libbitplanes_utils-universal.a */,
				1F01E9931BDAC2FB000D15D1 /* bitplanes */,
				1F6F11F11BD757E500CE6234 /* UIKit.framework */,
				1F6F11EF1BD757DC00CE6234 /* QuartzCore.framework */,
				1F6F11ED1BD757D300CE6234 /* CoreVideo.framework */,
				1F6F11EB1BD757C900CE6234 /* CoreMedia.framework */,
				1F6F11E91BD757C000CE6234 /* CoreImage.framework */,
				1F6F11E71BD757B700CE6234 /* CoreGraphics.framework */,
				1F6F11E51BD757AC00CE6234 /* AssetsLibrary.framework */,
				1F6F11E31BD757A500CE6234 /* Accelerate.framework */,
				52DD7FDE1B9DF0BB001257DD /* AVFoundation.framework */,
				52DD7FB51B9DF03B001257DD /* Intro_iOS_Camera */,
				52DD7FCF1B9DF03B001257DD /* Intro_iOS_CameraTests */,
				52DD7FB41B9DF03B001257DD /* Products */,
			);
			sourceTree = "<group>";
		};
		52DD7FB41B9DF03B001257DD /* Products */ = {
			isa = PBXGroup;
			children = (
				52DD7FB31B9DF03B001257DD /* LK_v3.app */,
				52DD7FCC1B9DF03B001257DD /* LK_v3.xctest */,
			);
			name = Products;
			sourceTree = "<group>";
		};
		52DD7FB51B9DF03B001257DD /* Intro_iOS_Camera */ = {
			isa = PBXGroup;
			children = (
				52DD7FBA1B9DF03B001257DD /* AppDelegate.h */,
				52DD7FBB1B9DF03B001257DD /* AppDelegate.m */,
				52DD7FBD1B9DF03B001257DD /* ViewController.h */,
				52DD7FBE1B9DF03B001257DD /* ViewController.mm */,
				52DD7FC01B9DF03B001257DD /* Main.storyboard */,
				52DD7FC31B9DF03B001257DD /* Images.xcassets */,
				52DD7FC51B9DF03B001257DD /* LaunchScreen.xib */,
				52DD7FB61B9DF03B001257DD /* Supporting Files */,
			);
			path = Intro_iOS_Camera;
			sourceTree = "<group>";
		};
		52DD7FB61B9DF03B001257DD /* Supporting Files */ = {
			isa = PBXGroup;
			children = (
				52DD7FB71B9DF03B001257DD /* Info.plist */,
				52DD7FB81B9DF03B001257DD /* main.m */,
			);
			name = "Supporting Files";
			sourceTree = "<group>";
		};
		52DD7FCF1B9DF03B001257DD /* Intro_iOS_CameraTests */ = {
			isa = PBXGroup;
			children = (
				52DD7FD21B9DF03B001257DD /* Intro_iOS_CameraTests.m */,
				52DD7FD01B9DF03B001257DD /* Supporting Files */,
			);
			path = Intro_iOS_CameraTests;
			sourceTree = "<group>";
		};
		52DD7FD01B9DF03B001257DD /* Supporting Files */ = {
			isa = PBXGroup;
			children = (
				52DD7FD11B9DF03B001257DD /* Info.plist */,
			);
			name = "Supporting Files";
			sourceTree = "<group>";
		};
/* End PBXGroup section */

/* Begin PBXNativeTarget section */
		52DD7FB21B9DF03B001257DD /* LK_v3 */ = {
			isa = PBXNativeTarget;
			buildConfigurationList = 52DD7FD61B9DF03B001257DD /* Build configuration list for PBXNativeTarget "LK_v3" */;
			buildPhases = (
				52DD7FAF1B9DF03B001257DD /* Sources */,
				52DD7FB01B9DF03B001257DD /* Frameworks */,
				52DD7FB11B9DF03B001257DD /* Resources */,
			);
			buildRules = (
			);
			dependencies = (
			);
			name = LK_v3;
			productName = Intro_iOS_Camera;
			productReference = 52DD7FB31B9DF03B001257DD /* LK_v3.app */;
			productType = "com.apple.product-type.application";
		};
		52DD7FCB1B9DF03B001257DD /* LK_v3Tests */ = {
			isa = PBXNativeTarget;
			buildConfigurationList = 52DD7FD91B9DF03B001257DD /* Build configuration list for PBXNativeTarget "LK_v3Tests" */;
			buildPhases = (
				52DD7FC81B9DF03B001257DD /* Sources */,
				52DD7FC91B9DF03B001257DD /* Frameworks */,
				52DD7FCA1B9DF03B001257DD /* Resources */,
			);
			buildRules = (
			);
			dependencies = (
				52DD7FCE1B9DF03B001257DD /* PBXTargetDependency */,
			);
			name = LK_v3Tests;
			productName = Intro_iOS_CameraTests;
			productReference = 52DD7FCC1B9DF03B001257DD /* LK_v3.xctest */;
			productType = "com.apple.product-type.bundle.unit-test";
		};
/* End PBXNativeTarget section */

/* Begin PBXProject section */
		52DD7FAB1B9DF03B001257DD /* Project object */ = {
			isa = PBXProject;
			attributes = {
				LastUpgradeCheck = 0640;
				ORGANIZATIONNAME = CMU_16432;
				TargetAttributes = {
					52DD7FB21B9DF03B001257DD = {
						CreatedOnToolsVersion = 6.4;
					};
					52DD7FCB1B9DF03B001257DD = {
						CreatedOnToolsVersion = 6.4;
						TestTargetID = 52DD7FB21B9DF03B001257DD;
					};
				};
			};
			buildConfigurationList = 52DD7FAE1B9DF03B001257DD /* Build configuration list for PBXProject "LK_v3" */;
			compatibilityVersion = "Xcode 3.2";
			developmentRegion = English;
			hasScannedForEncodings = 0;
			knownRegions = (
				en,
				Base,
			);
			mainGroup = 52DD7FAA1B9DF03B001257DD;
			productRefGroup = 52DD7FB41B9DF03B001257DD /* Products */;
			projectDirPath = "";
			projectRoot = "";
			targets = (
				52DD7FB21B9DF03B001257DD /* LK_v3 */,
				52DD7FCB1B9DF03B001257DD /* LK_v3Tests */,
			);
		};
/* End PBXProject section */

/* Begin PBXResourcesBuildPhase section */
		52DD7FB11B9DF03B001257DD /* Resources */ = {
			isa = PBXResourcesBuildPhase;
			buildActionMask = 2147483647;
			files = (
				52DD7FC21B9DF03B001257DD /* Main.storyboard in Resources */,
				52DD7FC71B9DF03B001257DD /* LaunchScreen.xib in Resources */,
				52DD7FC41B9DF03B001257DD /* Images.xcassets in Resources */,
			);
			runOnlyForDeploymentPostprocessing = 0;
		};
		52DD7FCA1B9DF03B001257DD /* Resources */ = {
			isa = PBXResourcesBuildPhase;
			buildActionMask = 2147483647;
			files = (
			);
			runOnlyForDeploymentPostprocessing = 0;
		};
/* End PBXResourcesBuildPhase section */

/* Begin PBXSourcesBuildPhase section */
		52DD7FAF1B9DF03B001257DD /* Sources */ = {
			isa = PBXSourcesBuildPhase;
			buildActionMask = 2147483647;
			files = (
				52DD7FBF1B9DF03B001257DD /* ViewController.mm in Sources */,
				52DD7FBC1B9DF03B001257DD /* AppDelegate.m in Sources */,
				52DD7FB91B9DF03B001257DD /* main.m in Sources */,
			);
			runOnlyForDeploymentPostprocessing = 0;
		};
		52DD7FC81B9DF03B001257DD /* Sources */ = {
			isa = PBXSourcesBuildPhase;
			buildActionMask = 2147483647;
			files = (
				52DD7FD31B9DF03B001257DD /* Intro_iOS_CameraTests.m in Sources */,
			);
			runOnlyForDeploymentPostprocessing = 0;
		};
/* End PBXSourcesBuildPhase section */

/* Begin PBXTargetDependency section */
		52DD7FCE1B9DF03B001257DD /* PBXTargetDependency */ = {
			isa = PBXTargetDependency;
			target = 52DD7FB21B9DF03B001257DD /* LK_v3 */;
			targetProxy = 52DD7FCD1B9DF03B001257DD /* PBXContainerItemProxy */;
		};
/* End PBXTargetDependency section */

/* Begin PBXVariantGroup section */
		52DD7FC01B9DF03B001257DD /* Main.storyboard */ = {
			isa = PBXVariantGroup;
			children = (
				52DD7FC11B9DF03B001257DD /* Base */,
			);
			name = Main.storyboard;
			sourceTree = "<group>";
		};
		52DD7FC51B9DF03B001257DD /* LaunchScreen.xib */ = {
			isa = PBXVariantGroup;
			children = (
				52DD7FC61B9DF03B001257DD /* Base */,
			);
			name = LaunchScreen.xib;
			sourceTree = "<group>";
		};
/* End PBXVariantGroup section */

/* Begin XCBuildConfiguration section */
		52DD7FD41B9DF03B001257DD /* Debug */ = {
			isa = XCBuildConfiguration;
			buildSettings = {
				ALWAYS_SEARCH_USER_PATHS = YES;
				CLANG_CXX_LANGUAGE_STANDARD = "gnu++0x";
				CLANG_CXX_LIBRARY = "libc++";
				CLANG_ENABLE_MODULES = YES;
				CLANG_ENABLE_OBJC_ARC = YES;
				CLANG_WARN_BOOL_CONVERSION = YES;
				CLANG_WARN_CONSTANT_CONVERSION = YES;
				CLANG_WARN_DIRECT_OBJC_ISA_USAGE = YES_ERROR;
				CLANG_WARN_EMPTY_BODY = YES;
				CLANG_WARN_ENUM_CONVERSION = YES;
				CLANG_WARN_INT_CONVERSION = YES;
				CLANG_WARN_OBJC_ROOT_CLASS = YES_ERROR;
				CLANG_WARN_UNREACHABLE_CODE = YES;
				CLANG_WARN__DUPLICATE_METHOD_MATCH = YES;
				"CODE_SIGN_IDENTITY[sdk=iphoneos*]" = "iPhone Developer";
				COPY_PHASE_STRIP = NO;
				DEBUG_INFORMATION_FORMAT = "dwarf-with-dsym";
				ENABLE_STRICT_OBJC_MSGSEND = YES;
				GCC_C_LANGUAGE_STANDARD = gnu99;
				GCC_DYNAMIC_NO_PIC = NO;
				GCC_NO_COMMON_BLOCKS = YES;
				GCC_OPTIMIZATION_LEVEL = 0;
				GCC_PREPROCESSOR_DEFINITIONS = (
					"DEBUG=1",
					"$(inherited)",
				);
				GCC_SYMBOLS_PRIVATE_EXTERN = NO;
				GCC_WARN_64_TO_32_BIT_CONVERSION = YES;
				GCC_WARN_ABOUT_RETURN_TYPE = YES_ERROR;
				GCC_WARN_UNDECLARED_SELECTOR = YES;
				GCC_WARN_UNINITIALIZED_AUTOS = YES_AGGRESSIVE;
				GCC_WARN_UNUSED_FUNCTION = YES;
				GCC_WARN_UNUSED_VARIABLE = YES;
				HEADER_SEARCH_PATHS = (
					/Users/Sid/Documents/college_work/xcode_projects/LK_v3/framewaork/include/,
					/usr/local/opt/eigen/include/eigen3/,
				);
				IPHONEOS_DEPLOYMENT_TARGET = 8.4;
				MTL_ENABLE_DEBUG_INFO = YES;
				ONLY_ACTIVE_ARCH = YES;
				SDKROOT = iphoneos;
				TARGETED_DEVICE_FAMILY = "1,2";
			};
			name = Debug;
		};
		52DD7FD51B9DF03B001257DD /* Release */ = {
			isa = XCBuildConfiguration;
			buildSettings = {
				ALWAYS_SEARCH_USER_PATHS = YES;
				CLANG_CXX_LANGUAGE_STANDARD = "gnu++0x";
				CLANG_CXX_LIBRARY = "libc++";
				CLANG_ENABLE_MODULES = YES;
				CLANG_ENABLE_OBJC_ARC = YES;
				CLANG_WARN_BOOL_CONVERSION = YES;
				CLANG_WARN_CONSTANT_CONVERSION = YES;
				CLANG_WARN_DIRECT_OBJC_ISA_USAGE = YES_ERROR;
				CLANG_WARN_EMPTY_BODY = YES;
				CLANG_WARN_ENUM_CONVERSION = YES;
				CLANG_WARN_INT_CONVERSION = YES;
				CLANG_WARN_OBJC_ROOT_CLASS = YES_ERROR;
				CLANG_WARN_UNREACHABLE_CODE = YES;
				CLANG_WARN__DUPLICATE_METHOD_MATCH = YES;
				"CODE_SIGN_IDENTITY[sdk=iphoneos*]" = "iPhone Developer";
				COPY_PHASE_STRIP = NO;
				DEBUG_INFORMATION_FORMAT = "dwarf-with-dsym";
				ENABLE_NS_ASSERTIONS = NO;
				ENABLE_STRICT_OBJC_MSGSEND = YES;
				GCC_C_LANGUAGE_STANDARD = gnu99;
				GCC_NO_COMMON_BLOCKS = YES;
				GCC_WARN_64_TO_32_BIT_CONVERSION = YES;
				GCC_WARN_ABOUT_RETURN_TYPE = YES_ERROR;
				GCC_WARN_UNDECLARED_SELECTOR = YES;
				GCC_WARN_UNINITIALIZED_AUTOS = YES_AGGRESSIVE;
				GCC_WARN_UNUSED_FUNCTION = YES;
				GCC_WARN_UNUSED_VARIABLE = YES;
				HEADER_SEARCH_PATHS = (
					/Users/Sid/Documents/college_work/xcode_projects/LK_v3/framewaork/include/,
					/usr/local/opt/eigen/include/eigen3/,
				);
				IPHONEOS_DEPLOYMENT_TARGET = 8.4;
				MTL_ENABLE_DEBUG_INFO = NO;
				SDKROOT = iphoneos;
				TARGETED_DEVICE_FAMILY = "1,2";
				VALIDATE_PRODUCT = YES;
			};
			name = Release;
		};
		52DD7FD71B9DF03B001257DD /* Debug */ = {
			isa = XCBuildConfiguration;
			buildSettings = {
				ASSETCATALOG_COMPILER_APPICON_NAME = AppIcon;
				ENABLE_BITCODE = NO;
				FRAMEWORK_SEARCH_PATHS = (
					"$(inherited)",
					"$(PROJECT_DIR)",
				);
				INFOPLIST_FILE = Intro_iOS_Camera/Info.plist;
				LD_RUNPATH_SEARCH_PATHS = "$(inherited) @executable_path/Frameworks";
				LIBRARY_SEARCH_PATHS = (
					"$(inherited)",
					"$(PROJECT_DIR)/framewaork",
				);
				PRODUCT_NAME = LK_v3;
			};
			name = Debug;
		};
		52DD7FD81B9DF03B001257DD /* Release */ = {
			isa = XCBuildConfiguration;
			buildSettings = {
				ASSETCATALOG_COMPILER_APPICON_NAME = AppIcon;
				ENABLE_BITCODE = NO;
				FRAMEWORK_SEARCH_PATHS = (
					"$(inherited)",
					"$(PROJECT_DIR)",
				);
				INFOPLIST_FILE = Intro_iOS_Camera/Info.plist;
				LD_RUNPATH_SEARCH_PATHS = "$(inherited) @executable_path/Frameworks";
				LIBRARY_SEARCH_PATHS = (
					"$(inherited)",
					"$(PROJECT_DIR)/framewaork",
				);
				PRODUCT_NAME = LK_v3;
			};
			name = Release;
		};
		52DD7FDA1B9DF03B001257DD /* Debug */ = {
			isa = XCBuildConfiguration;
			buildSettings = {
				BUNDLE_LOADER = "$(TEST_HOST)";
				FRAMEWORK_SEARCH_PATHS = (
					"$(SDKROOT)/Developer/Library/Frameworks",
					"$(inherited)",
				);
				GCC_PREPROCESSOR_DEFINITIONS = (
					"DEBUG=1",
					"$(inherited)",
				);
				INFOPLIST_FILE = Intro_iOS_CameraTests/Info.plist;
				LD_RUNPATH_SEARCH_PATHS = "$(inherited) @executable_path/Frameworks @loader_path/Frameworks";
				PRODUCT_NAME = LK_v3;
				TEST_HOST = "$(BUILT_PRODUCTS_DIR)/LK_v3.app/LK_v3";
			};
			name = Debug;
		};
		52DD7FDB1B9DF03B001257DD /* Release */ = {
			isa = XCBuildConfiguration;
			buildSettings = {
				BUNDLE_LOADER = "$(TEST_HOST)";
				FRAMEWORK_SEARCH_PATHS = (
					"$(SDKROOT)/Developer/Library/Frameworks",
					"$(inherited)",
				);
				INFOPLIST_FILE = Intro_iOS_CameraTests/Info.plist;
				LD_RUNPATH_SEARCH_PATHS = "$(inherited) @executable_path/Frameworks @loader_path/Frameworks";
				PRODUCT_NAME = LK_v3;
				TEST_HOST = "$(BUILT_PRODUCTS_DIR)/LK_v3.app/LK_v3";
			};
			name = Release;
		};
/* End XCBuildConfiguration section */

/* Begin XCConfigurationList section */
		52DD7FAE1B9DF03B001257DD /* Build configuration list for PBXProject "LK_v3" */ = {
			isa = XCConfigurationList;
			buildConfigurations = (
				52DD7FD41B9DF03B001257DD /* Debug */,
				52DD7FD51B9DF03B001257DD /* Release */,
			);
			defaultConfigurationIsVisible = 0;
			defaultConfigurationName = Release;
		};
		52DD7FD61B9DF03B001257DD /* Build configuration list for PBXNativeTarget "LK_v3" */ = {
			isa = XCConfigurationList;
			buildConfigurations = (
				52DD7FD71B9DF03B001257DD /* Debug */,
				52DD7FD81B9DF03B001257DD /* Release */,
			);
			defaultConfigurationIsVisible = 0;
			defaultConfigurationName = Release;
		};
		52DD7FD91B9DF03B001257DD /* Build configuration list for PBXNativeTarget "LK_v3Tests" */ = {
			isa = XCConfigurationList;
			buildConfigurations = (
				52DD7FDA1B9DF03B001257DD /* Debug */,
				52DD7FDB1B9DF03B001257DD /* Release */,
			);
			defaultConfigurationIsVisible = 0;
			defaultConfigurationName = Release;
		};
/* End XCConfigurationList section */
	};
	rootObject = 52DD7FAB1B9DF03B001257DD /* Project object */;
}
